{
  "version": "5",
  "specifiers": {
    "jsr:@std/internal@^1.0.14": "1.0.14",
    "jsr:@std/path@1.1.6": "1.1.6"
  },
  "jsr": {
    "@std/internal@1.0.14": {
      "integrity": "291516b3d4c35024d6ffbc0a9df5bf4c64116e05b50012cf846710152d2ffdf7"
    },
    "@std/path@1.1.6": {
      "integrity": "c68485c2a4dfbb5ae3cc74fae4e8c4e5d874cf8a8ed12927917235c758b46cbe",
      "dependencies": [
        "jsr:@std/internal"
      ]
    }
  },
  "remote": {
    "https://cdn.jsdelivr.net/gh/lumeland/lume@3.3.0/core/utils/lume_config.ts": "c14575ec9b7441a1f9db54373b688f9a4df7967009d27a2cb0db4f64ec8d8dfc",
    "https://cdn.jsdelivr.net/gh/lumeland/lume@3.3.0/core/utils/path.ts": "73db7b3bf8df81b7af4085a9fef4d5648ac083a4e826ae98c0dcb96b0fa64e6b",
    "https://cdn.jsdelivr.net/gh/lumeland/lume@3.3.0/deps/path.ts": "222428da77a11a963236fdf6501aa3396ab313aefea9bba79b35c6073eb18366",
    "https://cdn.jsdelivr.net/gh/lumeland/lume@3.3.0/lint.ts": "41c1bb62434eb9d8e39a255c0dd9cd10734451dd208e3263b5e1c9835732556e"
  },
  "workspace": {
    "packageJson": {
      "dependencies": [
        "npm:@octokit/rest@21",
        "npm:@semantic-release/commit-analyzer@^13.0.1",
        "npm:@semantic-release/git@^10.0.1",
        "npm:@semantic-release/github@^12.0.6",
        "npm:@semantic-release/npm@^13.1.5",
        "npm:@semantic-release/release-notes-generator@^14.1.0",
        "npm:@tailwindcss/cli@^4.1.18",
        "npm:@tailwindcss/forms@~0.5.7",
        "npm:@tailwindcss/typography@~0.5.14",
        "npm:execa@^8.0.1",
        "npm:gray-matter@^4.0.3",
        "npm:jsdom@25",
        "npm:semantic-release@^25.0.3",
        "npm:tailwindcss@^4.1.18"
      ]
    }
  }
}
