{
  "nodes": {
    "flake-utils": {
      "locked": {
        "lastModified": 1652776076,
        "narHash": "sha256-gzTw/v1vj4dOVbpBSJX4J0DwUR6LIyXo7/SuuTJp1kM=",
        "owner": "numtide",
        "repo": "flake-utils",
        "rev": "04c1b180862888302ddfb2e3ad9eaa63afc60cf8",
        "type": "github"
      },
      "original": {
        "owner": "numtide",
        "repo": "flake-utils",
        "type": "github"
      }
    },
    "naersk": {
      "inputs": {
        "nixpkgs": "nixpkgs"
      },
      "locked": {
        "lastModified": 1652722411,
        "narHash": "sha256-FxzNgYiH9c91hUVAntcjrqY//KOTUPP2a4e8Wyuysxg=",
        "owner": "nix-community",
        "repo": "naersk",
        "rev": "94beb7a3edfeb3bcda65fa3f2ebc48ec6b40bf72",
        "type": "github"
      },
      "original": {
        "owner": "nix-community",
        "repo": "naersk",
        "type": "github"
      }
    },
    "nixpkgs": {
      "locked": {
        "lastModified": 1653117584,
        "narHash": "sha256-5uUrHeHBIaySBTrRExcCoW8fBBYVSDjDYDU5A6iOl+k=",
        "owner": "NixOS",
        "repo": "nixpkgs",
        "rev": "f4dfed73ee886b115a99e5b85fdfbeb683290d83",
        "type": "github"
      },
      "original": {
        "id": "nixpkgs",
        "type": "indirect"
      }
    },
    "nixpkgs_2": {
      "locked": {
        "lastModified": 1653060744,
        "narHash": "sha256-kfRusllRumpt33J1hPV+CeCCylCXEU7e0gn2/cIM7cY=",
        "owner": "NixOS",
        "repo": "nixpkgs",
        "rev": "dfd82985c273aac6eced03625f454b334daae2e8",
        "type": "github"
      },
      "original": {
        "id": "nixpkgs",
        "ref": "nixos-unstable",
        "type": "indirect"
      }
    },
    "root": {
      "inputs": {
        "flake-utils": "flake-utils",
        "naersk": "naersk",
        "nixpkgs": "nixpkgs_2"
      }
    }
  },
  "root": "root",
  "version": 7
}
