github.com/Xe/gopreload v0.0.0-20170326043426-a00a8beb369c h1:lqTJqaoonxgJMvvfl1ukr/3qCEGWC0nQxzPezbJrhHs=
github.com/Xe/gopreload v0.0.0-20170326043426-a00a8beb369c/go.mod h1:0aSWHJguPNHo6zlU7A4Ktua1A/VUr5Jdr1QZ2amOkAQ=
github.com/Xe/jsonfeed v0.0.0-20170520170432-e21591505612 h1:5cPld6YTMozzm3lK9VCnOErgoFbADM2hZc4KDu0YNKs=
github.com/Xe/jsonfeed v0.0.0-20170520170432-e21591505612/go.mod h1:UKXAbYA/G9yE+cPbpfiP7FlT6Kr3N2mbEjQEJ9hT004=
github.com/Xe/ln v0.0.0-20170921000907-466e05b2ef3e h1:uMC/C/zBov+PItx2c6Vax4lt37X+2V5X7NWRcXsxuzE=
github.com/Xe/ln v0.0.0-20170921000907-466e05b2ef3e/go.mod h1:hDOCtu3XM9SVMB0UHBilUvRbZ0JKMI7IDbvBzwclIb0=
github.com/davecgh/go-spew v1.1.1 h1:vj9j/u1bqnvCEfJOwUhtlOARqs3+rkHYY13jYWTU97c=
github.com/davecgh/go-spew v1.1.1/go.mod h1:J7Y8YcW2NihsgmVo/mv3lAwl/skON4iLHjSsI+c5H38=
github.com/google/gops v0.3.2 h1:n9jMkrye8dh3WQ0IxG5dzLRIhQeZDZoGaj0D7T7x7hQ=
github.com/google/gops v0.3.2/go.mod h1:pMQgrscwEK/aUSW1IFSaBPbJX82FPHWaSoJw1axQfD0=
github.com/gorilla/feeds v1.0.0 h1:EbkEvaYf+PXhYNHS20heBG7Rl2X6Zy8l11ZBWAHkWqE=
github.com/gorilla/feeds v1.0.0/go.mod h1:Nk0jZrvPFZX1OBe5NPiddPw7CfwF6Q9eqzaBbaightA=
github.com/kardianos/osext v0.0.0-20170510131534-ae77be60afb1 h1:PJPDf8OUfOK1bb/NeTKd4f1QXZItOX389VN3B6qC8ro=
github.com/kardianos/osext v0.0.0-20170510131534-ae77be60afb1/go.mod h1:1NbS8ALrpOvjt0rHPNLyCIeMtbizbir8U//inJ+zuB8=
github.com/kr/pretty v0.1.0 h1:L/CwN0zerZDmRFUapSPitk6f+Q3+0za1rQkzVuMiMFI=
github.com/kr/pretty v0.1.0/go.mod h1:dAy3ld7l9f0ibDNOQOHHMYYIIbhfbHSm3C4ZsoJORNo=
github.com/kr/pty v1.1.1/go.mod h1:pFQYn66WHrOpPYNljwOMqo10TkYh1fy3cYio2l3bCsQ=
github.com/kr/text v0.1.0 h1:45sCR5RtlFHMR4UwH9sdQ5TC8v0qDQCHnXt+kaKSTVE=
github.com/kr/text v0.1.0/go.mod h1:4Jbv+DJW3UT/LiOwJeYQe1efqtUx/iVham/4vfdArNI=
github.com/pkg/errors v0.8.0 h1:WdK/asTD0HN+q6hsWO3/vpuAkAr+tw6aNJNDFFf0+qw=
github.com/pkg/errors v0.8.0/go.mod h1:bwawxfHBFNV+L2hUp1rHADufV3IMtnDRdf1r5NINEl0=
github.com/pmezard/go-difflib v1.0.0 h1:4DBwDE0NGyQoBHbLQYPwSUPoCMWR5BEzIk/f1lZbAQM=
github.com/pmezard/go-difflib v1.0.0/go.mod h1:iKH77koFhYxTK1pcRnkKkqfTogsbg7gZNVY4sRDYZ/4=
github.com/russross/blackfriday v0.0.0-20170806171014-cadec560ec52 h1:xZ0R4UuR0EDx7m0OmvsqZaomfqCeYJ/PyLm94WLhnIM=
github.com/russross/blackfriday v0.0.0-20170806171014-cadec560ec52/go.mod h1:JO/DiYxRf+HjHt06OyowR9PTA263kcR/rfWxYHBV53g=
github.com/shurcooL/sanitized_anchor_name v0.0.0-20170918181015-86672fcb3f95 h1:/vdW8Cb7EXrkqWGufVMES1OH2sU9gKVb2n9/1y5NMBY=
github.com/shurcooL/sanitized_anchor_name v0.0.0-20170918181015-86672fcb3f95/go.mod h1:1NzhyTcUVG4SuEtjjoZeVRXNmyL/1OwPU0+IJeTBvfc=
github.com/st3fan/jsonfeed v0.0.0-20170519104842-498b2850d26b h1:i9Wk9W2bjrMvUf59rJKX4/lvZXy3L3lcX7g18c8AveU=
github.com/st3fan/jsonfeed v0.0.0-20170519104842-498b2850d26b/go.mod h1:czFrYpD7aNT5ZhBQWKEGOhCOl/yVZctFgs9bSxzVBbA=
github.com/stretchr/testify v1.2.2 h1:bSDNvY7ZPG5RlJ8otE/7V6gMiyenm9RtJ7IUVIAoJ1w=
github.com/stretchr/testify v1.2.2/go.mod h1:a8OnRcib4nhh0OaRAV+Yts87kKdq0PP7pXfy6kDkUVs=
github.com/tj/front v0.0.0-20170212063142-739be213b0a1 h1:lA+aPRvltlx2fwv/BnxyYSDQo3pIeqzHgMO5GvK0T9E=
github.com/tj/front v0.0.0-20170212063142-739be213b0a1/go.mod h1:deJrtusCTptAW4EUn5vBLpl3dhNqPqUwEjWJz5UNxpQ=
gopkg.in/check.v1 v1.0.0-20180628173108-788fd7840127 h1:qIbj1fsPNlZgppZ+VLlY7N33q108Sa+fhmuc+sWQYwY=
gopkg.in/check.v1 v1.0.0-20180628173108-788fd7840127/go.mod h1:Co6ibVJAznAaIkqp8huTwlJQCZ016jof/cbN4VW5Yz0=
gopkg.in/yaml.v1 v1.0.0-20140924161607-9f9df34309c0 h1:POO/ycCATvegFmVuPpQzZFJ+pGZeX22Ufu6fibxDVjU=
gopkg.in/yaml.v1 v1.0.0-20140924161607-9f9df34309c0/go.mod h1:WDnlLJ4WF5VGsH/HVa3CI79GS0ol3YnhVnKP89i0kNg=
