# This file is autogenerated, do not edit; changes may be undone by the next 'dep ensure'.


[[projects]]
  branch = "master"
  name = "github.com/GeertJohan/go.rice"
  packages = [".","embedded"]
  revision = "c02ca9a983da5807ddf7d796784928f5be4afd09"

[[projects]]
  branch = "master"
  name = "github.com/Xe/gopreload"
  packages = ["."]
  revision = "a00a8beb369cafd88bb7b32f31fc4ff3219c3565"

[[projects]]
  branch = "master"
  name = "github.com/Xe/jsonfeed"
  packages = ["."]
  revision = "e21591505612b9064436351ffc9acddfa3b583e8"

[[projects]]
  name = "github.com/Xe/ln"
  packages = ["."]
  revision = "466e05b2ef3e48ce08a367b6aaac09ee29a124e5"
  version = "v0.1"

[[projects]]
  branch = "master"
  name = "github.com/daaku/go.zipexe"
  packages = ["."]
  revision = "a5fe2436ffcb3236e175e5149162b41cd28bd27d"

[[projects]]
  name = "github.com/google/gops"
  packages = ["agent","internal","signal"]
  revision = "57e77c5c37da1f4e1af49f9d1fe760f146c1579e"
  version = "v0.3.2"

[[projects]]
  name = "github.com/gorilla/feeds"
  packages = ["."]
  revision = "4b936b5221c53c99fcd4b15ac0b8c38ff490ab89"
  version = "v1.0.0"

[[projects]]
  branch = "master"
  name = "github.com/jtolds/qod"
  packages = ["."]
  revision = "3abb44dfc7ba8b5cdfdb634786f57e78c7004e1c"

[[projects]]
  branch = "master"
  name = "github.com/kardianos/osext"
  packages = ["."]
  revision = "ae77be60afb1dcacde03767a8c37337fad28ac14"

[[projects]]
  name = "github.com/magefile/mage"
  packages = ["mg","types"]
  revision = "ab3ca2f6f85577d7ec82e0a6df721147a2e737f9"
  version = "v2.0.1"

[[projects]]
  name = "github.com/pkg/errors"
  packages = ["."]
  revision = "645ef00459ed84a119197bfb8d8205042c6df63d"
  version = "v0.8.0"

[[projects]]
  name = "github.com/russross/blackfriday"
  packages = ["."]
  revision = "cadec560ec52d93835bf2f15bd794700d3a2473b"
  version = "v2.0.0"

[[projects]]
  branch = "master"
  name = "github.com/shurcooL/sanitized_anchor_name"
  packages = ["."]
  revision = "86672fcb3f950f35f2e675df2240550f2a50762f"

[[projects]]
  branch = "master"
  name = "github.com/tj/front"
  packages = ["."]
  revision = "739be213b0a1c496dccaf9e5df1514150c9548e4"

[[projects]]
  branch = "v1"
  name = "gopkg.in/yaml.v1"
  packages = ["."]
  revision = "9f9df34309c04878acc86042b16630b0f696e1de"

[solve-meta]
  analyzer-name = "dep"
  analyzer-version = 1
  inputs-digest = "0689be1827bc408bc22bad70a56fe65f0d7986f4b7a01376fd4c9420f54aac18"
  solver-name = "gps-cdcl"
  solver-version = 1
