# THIS IS AN AUTOGENERATED FILE. DO NOT EDIT THIS FILE DIRECTLY.
# yarn lockfile v1


"@bjorn3/browser_wasi_shim@^0.2.8":
  version "0.2.8"
  resolved "https://registry.npmjs.org/@bjorn3/browser_wasi_shim/-/browser_wasi_shim-0.2.8.tgz"
  integrity sha512-omPjmPH2Yk/VM7739/BYtaU9JKuzHlmr6GwyGreaefIbhDgwJxO+NjjBZaEZ8/GjtC8dZXshJGfghJ/ZOPEuqg==

"@esbuild/linux-x64@0.17.13":
  version "0.17.13"
  resolved "https://registry.npmjs.org/@esbuild/linux-x64/-/linux-x64-0.17.13.tgz"
  integrity sha512-eFLQhJq98qijGRcv9je/9M4Mz1suZ+pOtj62ArsLd0gubNGhhQDz6T30X2X3f1KZ8lkKkr+zN5vtZzx1GAMoFw==

"@types/node@^18.16.3":
  version "18.16.3"
  resolved "https://registry.npmjs.org/@types/node/-/node-18.16.3.tgz"
  integrity sha512-OPs5WnnT1xkCBiuQrZA4+YAV4HEJejmHneyraIaxsbev5yCEr6KMwINNFP9wQeFIw8FWcoTqF3vQsa5CDaI+8Q==

"@xeserv/xeact@0.71.1":
  version "0.71.1"
  resolved "https://registry.npmjs.org/@xeserv/xeact/-/xeact-0.71.1.tgz"
  integrity sha512-5q3mvoVsx+AieAIGKbawXtAcPl/DDe+z69rUr3kZbL4BfwWMQAw3ttAJ4h5nORllrsV+2u2jElJg50TOI8FiVQ==

esbuild@0.17.13:
  version "0.17.13"
  resolved "https://registry.npmjs.org/esbuild/-/esbuild-0.17.13.tgz"
  integrity sha512-4ixMwdErBcQHgTBeoxnowENCPKWFAGxgTyKHMK8gqn9sZaC7ZNWFKtim16g2rzQ2b/FYyy3lIUUJboFtjolhqg==
  optionalDependencies:
    "@esbuild/android-arm" "0.17.13"
    "@esbuild/android-arm64" "0.17.13"
    "@esbuild/android-x64" "0.17.13"
    "@esbuild/darwin-arm64" "0.17.13"
    "@esbuild/darwin-x64" "0.17.13"
    "@esbuild/freebsd-arm64" "0.17.13"
    "@esbuild/freebsd-x64" "0.17.13"
    "@esbuild/linux-arm" "0.17.13"
    "@esbuild/linux-arm64" "0.17.13"
    "@esbuild/linux-ia32" "0.17.13"
    "@esbuild/linux-loong64" "0.17.13"
    "@esbuild/linux-mips64el" "0.17.13"
    "@esbuild/linux-ppc64" "0.17.13"
    "@esbuild/linux-riscv64" "0.17.13"
    "@esbuild/linux-s390x" "0.17.13"
    "@esbuild/linux-x64" "0.17.13"
    "@esbuild/netbsd-x64" "0.17.13"
    "@esbuild/openbsd-x64" "0.17.13"
    "@esbuild/sunos-x64" "0.17.13"
    "@esbuild/win32-arm64" "0.17.13"
    "@esbuild/win32-ia32" "0.17.13"
    "@esbuild/win32-x64" "0.17.13"

hls.js@^1.4.0:
  version "1.4.0"
  resolved "https://registry.npmjs.org/hls.js/-/hls.js-1.4.0.tgz"
  integrity sha512-VEjg7Rx5FlE9TB3MIn0HPgq3J+vR7EoQnjaqMCk/ISEaCOSZlAFh4g867f1QkSxZiq9kHeUZo+iH16X7VS3jKA==

preact@^10.13.2:
  version "10.13.2"
  resolved "https://registry.npmjs.org/preact/-/preact-10.13.2.tgz"
  integrity sha512-q44QFLhOhty2Bd0Y46fnYW0gD/cbVM9dUVtNTDKPcdXSMA7jfY+Jpd6rk3GB0lcQss0z5s/6CmVP0Z/hV+g6pw==

prettier@^2.8.8:
  version "2.8.8"
  resolved "https://registry.npmjs.org/prettier/-/prettier-2.8.8.tgz"
  integrity sha512-tdN8qQGvNjw4CHbY+XXk0JgCXn9QiF21a55rBe5LJAU+kDyC4WQn4+awm2Xfk2lQMk5fKup9XgzTZtGkjBdP9Q==

typescript@^5.0.4:
  version "5.0.4"
  resolved "https://registry.npmjs.org/typescript/-/typescript-5.0.4.tgz"
  integrity sha512-cW9T5W9xY37cc+jfEnaUvX91foxtHkza3Nw3wkoF4sSlKn0MONdkdEndig/qPBWXNkmplh3NzayQzCiHM4/hqw==

xterm-addon-fit@^0.7.0:
  version "0.7.0"
  resolved "https://registry.npmjs.org/xterm-addon-fit/-/xterm-addon-fit-0.7.0.tgz"
  integrity sha512-tQgHGoHqRTgeROPnvmtEJywLKoC/V9eNs4bLLz7iyJr1aW/QFzRwfd3MGiJ6odJd9xEfxcW36/xRU47JkD5NKQ==

xterm@^5.0.0, xterm@^5.1.0:
  version "5.1.0"
  resolved "https://registry.npmjs.org/xterm/-/xterm-5.1.0.tgz"
  integrity sha512-LovENH4WDzpwynj+OTkLyZgJPeDom9Gra4DMlGAgz6pZhIDCQ+YuO7yfwanY+gVbn/mmZIStNOnVRU/ikQuAEQ==
